# THIS IS AN AUTOGENERATED FILE. DO NOT EDIT THIS FILE DIRECTLY.
# yarn lockfile v1


"@babel/helper-validator-identifier@^7.19.1":
  version "7.24.7"
  resolved "https://registry.yarnpkg.com/@babel/helper-validator-identifier/-/helper-validator-identifier-7.24.7.tgz#75b889cfaf9e35c2aaf42cf0d72c8e91719251db"
  integrity sha512-rR+PBcQ1SMQDDyF6X0wxtG8QyLCgUB0eRAGguqRLfkCA87l7yAP7ehq8SNj96OOGTO8OBV70KhuFYcIkHXOg0w==

ajv@^6.12.6:
  version "6.12.6"
  resolved "https://registry.yarnpkg.com/ajv/-/ajv-6.12.6.tgz#baf5a62e802b07d977034586f8c3baf5adf26df4"
  integrity sha512-j3fVLgvTo527anyYyJOGTYJbG+vnnQYvE0m5mmkc1TK+nxAppkCLMIL0aZ4dblVCNoGShhm+kzE4ZUykBoMg4g==
  dependencies:
    fast-deep-equal "^3.1.1"
    fast-json-stable-stringify "^2.0.0"
    json-schema-traverse "^0.4.1"
    uri-js "^4.2.2"

ansi-escapes@^5.0.0:
  version "5.0.0"
  resolved "https://registry.yarnpkg.com/ansi-escapes/-/ansi-escapes-5.0.0.tgz#b6a0caf0eef0c41af190e9a749e0c00ec04bb2a6"
  integrity sha512-5GFMVX8HqE/TB+FuBJGuO5XG0WrsA6ptUqoODaT/n9mmUaZFkqnBueB4leqGBCmrUHnCnC4PCZTCd0E7QQ83bA==
  dependencies:
    type-fest "^1.0.2"

awesome-ajv-errors@^5.1.0:
  version "5.1.0"
  resolved "https://registry.yarnpkg.com/awesome-ajv-errors/-/awesome-ajv-errors-5.1.0.tgz#17c212f0c470339a8ca13adf765fd805ef796c2c"
  integrity sha512-kXak1TPsFI3hMFWc5ase0EQJEBgVSo/iLil4QZnogyEg6/rYxnywCvuF0doB9iKzqDUUOwzVTduq0Z16CxWICQ==
  dependencies:
    awesome-code-frame "^1.1.0"
    chalk "^5.2.0"
    jsonpointer "^5.0.1"
    jsonpos "^4.1.2"
    leven "^4.0.0"
    terminal-link "^3.0.0"

awesome-code-frame@^1.1.0:
  version "1.1.0"
  resolved "https://registry.yarnpkg.com/awesome-code-frame/-/awesome-code-frame-1.1.0.tgz#9deb6bb4204f72d179a5c544c716b80957e38a5a"
  integrity sha512-FJH2rUCFpCMIm1YU1n5Oit59Sy9Okc+K5z77MbbKDcLoNuFbskq55qZO7ePoVuImoMEQ+G5FgLneUWUlJ89FEQ==
  dependencies:
    "@babel/helper-validator-identifier" "^7.19.1"
    chalk "^5.2.0"
    charcodes "^0.2.0"
    js-tokens "^8.0.1"

chalk@^5.2.0:
  version "5.3.0"
  resolved "https://registry.yarnpkg.com/chalk/-/chalk-5.3.0.tgz#67c20a7ebef70e7f3970a01f90fa210cb6860385"
  integrity sha512-dLitG79d+GV1Nb/VYcCDFivJeK1hiukt9QjRNVOsUtTy1rR1YJsmpGGTZ3qJos+uw7WmWF4wUwBd9jxjocFC2w==

charcodes@^0.2.0:
  version "0.2.0"
  resolved "https://registry.yarnpkg.com/charcodes/-/charcodes-0.2.0.tgz#5208d327e6cc05f99eb80ffc814707572d1f14e4"
  integrity sha512-Y4kiDb+AM4Ecy58YkuZrrSRJBDQdQ2L+NyS1vHHFtNtUjgutcZfx3yp1dAONI/oPaPmyGfCLx5CxL+zauIMyKQ==

fast-deep-equal@^3.1.1:
  version "3.1.3"
  resolved "https://registry.yarnpkg.com/fast-deep-equal/-/fast-deep-equal-3.1.3.tgz#3a7d56b559d6cbc3eb512325244e619a65c6c525"
  integrity sha512-f3qQ9oQy9j2AhBe/H9VC91wLmKBCCU/gDOnKNAYG5hswO7BLKj09Hc5HYNz9cGI++xlpDCIgDaitVs03ATR84Q==

fast-json-stable-stringify@^2.0.0:
  version "2.1.0"
  resolved "https://registry.yarnpkg.com/fast-json-stable-stringify/-/fast-json-stable-stringify-2.1.0.tgz#874bf69c6f404c2b5d99c481341399fd55892633"
  integrity sha512-lhd/wF+Lk98HZoTCtlVraHtfh5XYijIjalXck7saUtuanSDyLMxnHhSXEDJqHxD7msR8D0uCmqlkwjCV8xvwHw==

has-flag@^4.0.0:
  version "4.0.0"
  resolved "https://registry.yarnpkg.com/has-flag/-/has-flag-4.0.0.tgz#944771fd9c81c81265c4d6941860da06bb59479b"
  integrity sha512-EykJT/Q1KjTWctppgIAgfSO0tKVuZUjhgMr17kqTumMl6Afv3EISleU7qZUzoXDFTAHTDC4NOoG/ZxU3EvlMPQ==

js-tokens@^8.0.1:
  version "8.0.3"
  resolved "https://registry.yarnpkg.com/js-tokens/-/js-tokens-8.0.3.tgz#1c407ec905643603b38b6be6977300406ec48775"
  integrity sha512-UfJMcSJc+SEXEl9lH/VLHSZbThQyLpw1vLO1Lb+j4RWDvG3N2f7yj3PVQA3cmkTBNldJ9eFnM+xEXxHIXrYiJw==

json-cst@^1.2.0:
  version "1.2.0"
  resolved "https://registry.yarnpkg.com/json-cst/-/json-cst-1.2.0.tgz#7aa7d4642873d2b3902e3f9543a796920be2f005"
  integrity sha512-liC8jqILo2mZjKs/c/zDknohoLo2FocQH5ZGyPZzPNNHSC/LarVq42R4WA58lqPdH9ssP/JKArp6SZ6aP7vyhA==
  dependencies:
    json-lexer "^1.2.0"

json-lexer@^1.2.0:
  version "1.2.0"
  resolved "https://registry.yarnpkg.com/json-lexer/-/json-lexer-1.2.0.tgz#39107793644a0062b9f9f602e0aaee7e4c92f385"
  integrity sha512-7otpx5UPFeSELoF8nkZPHCfywg86wOsJV0WNOaysuO7mfWj1QFp2vlqESRRCeJKBXr+tqDgHh4HgqUFKTLcifQ==

json-schema-traverse@^0.4.1:
  version "0.4.1"
  resolved "https://registry.yarnpkg.com/json-schema-traverse/-/json-schema-traverse-0.4.1.tgz#69f6a87d9513ab8bb8fe63bdb0979c448e684660"
  integrity sha512-xbbCH5dCYU5T8LcEhhuh7HJ88HXuW3qsI3Y0zOZFKfZEHcpWiHU/Jxzk629Brsab/mMiHQti9wMP+845RPe3Vg==

jsonpointer@^5.0.1:
  version "5.0.1"
  resolved "https://registry.yarnpkg.com/jsonpointer/-/jsonpointer-5.0.1.tgz#2110e0af0900fd37467b5907ecd13a7884a1b559"
  integrity sha512-p/nXbhSEcu3pZRdkW1OfJhpsVtW1gd4Wa1fnQc9YLiTfAjn0312eMKimbdIQzuZl9aa9xUGaRlP9T/CJE/ditQ==

jsonpos@^4.1.2:
  version "4.1.2"
  resolved "https://registry.yarnpkg.com/jsonpos/-/jsonpos-4.1.2.tgz#cb9360958b9f4031a6d574a42e7f0471a48866d1"
  integrity sha512-cn+7TiBMq9VUsHKp+8uZeSY0K2ZnjEwurSA8uJlBoOmMA7w67axpvfv+v77A/8iEXLkXMN06uvEzblGj51+VBQ==
  dependencies:
    json-cst "^1.2.0"

leven@^4.0.0:
  version "4.0.0"
  resolved "https://registry.yarnpkg.com/leven/-/leven-4.0.0.tgz#b9c39c803f835950fabef9e122a9b47b95708710"
  integrity sha512-puehA3YKku3osqPlNuzGDUHq8WpwXupUg1V6NXdV38G+gr+gkBwFC8g1b/+YcIvp8gnqVIus+eJCH/eGsRmJNw==

meta-types@^2.0.0:
  version "2.0.0"
  resolved "https://registry.yarnpkg.com/meta-types/-/meta-types-2.0.0.tgz#50e9413efa53b5b1f6873d36813939caa5501a05"
  integrity sha512-I/UKzOsGtZuMuUPo17+J7dthEDWLorxnOvD5z6I0fgdDm2bJbo6VmMu+WVppOV3uog78iKjyenlRUMywgd3TPA==

punycode@^2.1.0:
  version "2.3.1"
  resolved "https://registry.yarnpkg.com/punycode/-/punycode-2.3.1.tgz#027422e2faec0b25e1549c3e1bd8309b9133b6e5"
  integrity sha512-vYt7UD1U9Wg6138shLtLOvdAu+8DsC/ilFtEVHcH+wydcSpNE20AfSOduf6MkRFahL5FY7X1oU7nKVZFtfq8Fg==

supports-color@^7.0.0:
  version "7.2.0"
  resolved "https://registry.yarnpkg.com/supports-color/-/supports-color-7.2.0.tgz#1b7dcdcb32b8138801b3e478ba6a51caa89648da"
  integrity sha512-qpCAvRl9stuOHveKsn7HncJRvv501qIacKzQlO/+Lwxc9+0q2wLyv4Dfvt80/DPn2pqOBsJdDiogXGR9+OvwRw==
  dependencies:
    has-flag "^4.0.0"

supports-hyperlinks@^2.2.0:
  version "2.3.0"
  resolved "https://registry.yarnpkg.com/supports-hyperlinks/-/supports-hyperlinks-2.3.0.tgz#3943544347c1ff90b15effb03fc14ae45ec10624"
  integrity sha512-RpsAZlpWcDwOPQA22aCH4J0t7L8JmAvsCxfOSEwm7cQs3LshN36QaTkwd70DnBOXDWGssw2eUoc8CaRWT0XunA==
  dependencies:
    has-flag "^4.0.0"
    supports-color "^7.0.0"

suretype@^3.3.1:
  version "3.3.1"
  resolved "https://registry.yarnpkg.com/suretype/-/suretype-3.3.1.tgz#f89003f963c0afe4ff838b11cb41a82a73b6e723"
  integrity sha512-eTb/gmWy8hvax6sRIEzNiPSX630DaPgosKk3oOYsdE0sebPYgHMn9QJ7XOidlKvRjrWBV7X+Qb/pIC5y8ZYNHA==
  dependencies:
    ajv "^6.12.6"
    awesome-ajv-errors "^5.1.0"
    meta-types "^2.0.0"

terminal-link@^3.0.0:
  version "3.0.0"
  resolved "https://registry.yarnpkg.com/terminal-link/-/terminal-link-3.0.0.tgz#91c82a66b52fc1684123297ce384429faf72ac5c"
  integrity sha512-flFL3m4wuixmf6IfhFJd1YPiLiMuxEc8uHRM1buzIeZPm22Au2pDqBJQgdo7n1WfPU1ONFGv7YDwpFBmHGF6lg==
  dependencies:
    ansi-escapes "^5.0.0"
    supports-hyperlinks "^2.2.0"

type-fest@^1.0.2:
  version "1.4.0"
  resolved "https://registry.yarnpkg.com/type-fest/-/type-fest-1.4.0.tgz#e9fb813fe3bf1744ec359d55d1affefa76f14be1"
  integrity sha512-yGSza74xk0UG8k+pLh5oeoYirvIiWo5t0/o3zHHAO2tRDiZcxWP7fywNlXhqb6/r6sWvwi+RsyQMWhVLe4BVuA==

uri-js@^4.2.2:
  version "4.4.1"
  resolved "https://registry.yarnpkg.com/uri-js/-/uri-js-4.4.1.tgz#9b1a52595225859e55f669d928f88c6c57f2a77e"
  integrity sha512-7rKUyy33Q1yc98pQ1DAmLtwX109F7TIfWlW1Ydo8Wl1ii1SeHieeh0HHfPeL2fMXK6z0s8ecKs9frCuLJvndBg==
  dependencies:
    punycode "^2.1.0"
